
Microsoft Visual Studio Solution File, Format Version 12.00
# Visual Studio Version 17
VisualStudioVersion = 17.8.34316.72
MinimumVisualStudioVersion = 10.0.40219.1
Project("{FAE04EC0-301F-11D3-BF4B-00C04F79EFBC}") = "UploadImage_Test", "UploadImage_Test\UploadImage_Test.csproj", "{952AC5B0-34CE-475D-8BD4-F42A89E7FD96}"
EndProject
Global
	GlobalSection(SolutionConfigurationPlatforms) = preSolution
		Debug|Any CPU = Debug|Any CPU
		Release|Any CPU = Release|Any CPU
	EndGlobalSection
	GlobalSection(ProjectConfigurationPlatforms) = postSolution
		{952AC5B0-34CE-475D-8BD4-F42A89E7FD96}.Debug|Any CPU.ActiveCfg = Debug|Any CPU
		{952AC5B0-34CE-475D-8BD4-F42A89E7FD96}.Debug|Any CPU.Build.0 = Debug|Any CPU
		{952AC5B0-34CE-475D-8BD4-F42A89E7FD96}.Release|Any CPU.ActiveCfg = Release|Any CPU
		{952AC5B0-34CE-475D-8BD4-F42A89E7FD96}.Release|Any CPU.Build.0 = Release|Any CPU
	EndGlobalSection
	GlobalSection(SolutionProperties) = preSolution
		HideSolutionNode = FALSE
	EndGlobalSection
	GlobalSection(ExtensibilityGlobals) = postSolution
		SolutionGuid = {C8470192-381E-44A4-9025-ACA46FF53806}
	EndGlobalSection
EndGlobal
